
Microsoft Visual Studio Solution File, Format Version 12.00
# Visual Studio Version 16
VisualStudioVersion = 16.0.29613.14
MinimumVisualStudioVersion = 10.0.40219.1
Project("{8BC9CEB8-8B4A-11D0-8D11-00A0C91BC942}") = "sa-movement-rnd", "sa-movement-rnd\sa-movement-rnd.vcxproj", "{024E2C01-344B-474B-9D0C-8A03AB2BC644}"
EndProject
Global
	GlobalSection(SolutionConfigurationPlatforms) = preSolution
		Debug|x64 = Debug|x64
		Debug|x86 = Debug|x86
		Release|x64 = Release|x64
		Release|x86 = Release|x86
	EndGlobalSection
	GlobalSection(ProjectConfigurationPlatforms) = postSolution
		{024E2C01-344B-474B-9D0C-8A03AB2BC644}.Debug|x64.ActiveCfg = Debug|x64
		{024E2C01-344B-474B-9D0C-8A03AB2BC644}.Debug|x64.Build.0 = Debug|x64
		{024E2C01-344B-474B-9D0C-8A03AB2BC644}.Debug|x86.ActiveCfg = Debug|Win32
		{024E2C01-344B-474B-9D0C-8A03AB2BC644}.Debug|x86.Build.0 = Debug|Win32
		{024E2C01-344B-474B-9D0C-8A03AB2BC644}.Release|x64.ActiveCfg = Release|x64
		{024E2C01-344B-474B-9D0C-8A03AB2BC644}.Release|x64.Build.0 = Release|x64
		{024E2C01-344B-474B-9D0C-8A03AB2BC644}.Release|x86.ActiveCfg = Release|Win32
		{024E2C01-344B-474B-9D0C-8A03AB2BC644}.Release|x86.Build.0 = Release|Win32
	EndGlobalSection
	GlobalSection(SolutionProperties) = preSolution
		HideSolutionNode = FALSE
	EndGlobalSection
	GlobalSection(ExtensibilityGlobals) = postSolution
		SolutionGuid = {9D71E976-ACCB-4662-A066-7D68FB57D396}
	EndGlobalSection
EndGlobal
